
Microsoft Visual Studio Solution File, Format Version 12.00
# Visual Studio Version 17
VisualStudioVersion = 17.11.35327.3
MinimumVisualStudioVersion = 10.0.40219.1
Project("{FAE04EC0-301F-11D3-BF4B-00C04F79EFBC}") = "calificaciones", "calificaciones.csproj", "{978FC159-CD7A-48DA-BFE1-D7CD553C1472}"
EndProject
Global
	GlobalSection(SolutionConfigurationPlatforms) = preSolution
		Debug|Any CPU = Debug|Any CPU
		Release|Any CPU = Release|Any CPU
	EndGlobalSection
	GlobalSection(ProjectConfigurationPlatforms) = postSolution
		{978FC159-CD7A-48DA-BFE1-D7CD553C1472}.Debug|Any CPU.ActiveCfg = Debug|Any CPU
		{978FC159-CD7A-48DA-BFE1-D7CD553C1472}.Debug|Any CPU.Build.0 = Debug|Any CPU
		{978FC159-CD7A-48DA-BFE1-D7CD553C1472}.Release|Any CPU.ActiveCfg = Release|Any CPU
		{978FC159-CD7A-48DA-BFE1-D7CD553C1472}.Release|Any CPU.Build.0 = Release|Any CPU
	EndGlobalSection
	GlobalSection(SolutionProperties) = preSolution
		HideSolutionNode = FALSE
	EndGlobalSection
	GlobalSection(ExtensibilityGlobals) = postSolution
		SolutionGuid = {0C9803A5-1068-4CDE-A632-F50F493E444E}
	EndGlobalSection
EndGlobal
